Microsoft Visual Studio Solution File, Format Version 11.00
# Visual Studio 2008

Project("{454135FC-B7C2-925F-87EA-316535DFCB79}") = "PCGProject", "Assembly-CSharp-firstpass-vs.csproj", "{CAA66C87-90EF-C600-6482-CAB88FEF2B23}"
EndProject
Project("{454135FC-B7C2-925F-87EA-316535DFCB79}") = "PCGProject", "Assembly-CSharp-vs.csproj", "{256B2C94-85E8-B3D5-2C8F-4C83038D9D51}"
EndProject
Global
	GlobalSection(SolutionConfigurationPlatforms) = preSolution
		Debug|Any CPU = Debug|Any CPU
		Release|Any CPU = Release|Any CPU
	EndGlobalSection
	GlobalSection(ProjectConfigurationPlatforms) = postSolution
		{CAA66C87-90EF-C600-6482-CAB88FEF2B23}.Debug|Any CPU.ActiveCfg = Debug|Any CPU
		{CAA66C87-90EF-C600-6482-CAB88FEF2B23}.Debug|Any CPU.Build.0 = Debug|Any CPU
		{CAA66C87-90EF-C600-6482-CAB88FEF2B23}.Release|Any CPU.ActiveCfg = Release|Any CPU
		{CAA66C87-90EF-C600-6482-CAB88FEF2B23}.Release|Any CPU.Build.0 = Release|Any CPU
		{256B2C94-85E8-B3D5-2C8F-4C83038D9D51}.Debug|Any CPU.ActiveCfg = Debug|Any CPU
		{256B2C94-85E8-B3D5-2C8F-4C83038D9D51}.Debug|Any CPU.Build.0 = Debug|Any CPU
		{256B2C94-85E8-B3D5-2C8F-4C83038D9D51}.Release|Any CPU.ActiveCfg = Release|Any CPU
		{256B2C94-85E8-B3D5-2C8F-4C83038D9D51}.Release|Any CPU.Build.0 = Release|Any CPU
	EndGlobalSection
	GlobalSection(SolutionProperties) = preSolution
		HideSolutionNode = FALSE
	EndGlobalSection
																																																																						GlobalSection(MonoDevelopProperties) = preSolution
=======
																																																																GlobalSection(MonoDevelopProperties) = preSolution
>>>>>>> .r11
		StartupItem = Assembly-CSharp.csproj
		Policies = $0
		$0.TextStylePolicy = $1
		$1.inheritsSet = null
		$1.scope = text/x-csharp
		$0.CSharpFormattingPolicy = $2
		$2.inheritsSet = Mono
		$2.inheritsScope = text/x-csharp
		$2.scope = text/x-csharp
		$0.TextStylePolicy = $3
		$3.FileWidth = 120
		$3.TabWidth = 4
		$3.EolMarker = Unix
		$3.inheritsSet = Mono
		$3.inheritsScope = text/plain
		$3.scope = text/plain
	EndGlobalSection

EndGlobal
